
Microsoft Visual Studio Solution File, Format Version 12.00
# Visual Studio Version 16
VisualStudioVersion = 16.0.28803.352
MinimumVisualStudioVersion = 10.0.40219.1
Project("{2150E333-8FDC-42A3-9474-1A3956D46DE8}") = "1. Layers", "1. Layers", "{1D6A93F3-1460-4CA1-BB6C-0DA1F19F6C3D}"
EndProject
Project("{2150E333-8FDC-42A3-9474-1A3956D46DE8}") = "1.1 Presentation", "1.1 Presentation", "{DB982B6C-2645-4951-90CA-2452CBDE0B3E}"
EndProject
Project("{2150E333-8FDC-42A3-9474-1A3956D46DE8}") = "1.2 Application", "1.2 Application", "{EC7DB9A9-4E1F-4B16-9E94-F05E5B32CC2B}"
EndProject
Project("{2150E333-8FDC-42A3-9474-1A3956D46DE8}") = "1.3 Domain", "1.3 Domain", "{2F872595-C6B5-4E67-A97E-B77F2D2B94AC}"
EndProject
Project("{2150E333-8FDC-42A3-9474-1A3956D46DE8}") = "1.4 Persistence", "1.4 Persistence", "{1C27428D-4373-48C2-B77C-51E755B5E541}"
EndProject
Project("{2150E333-8FDC-42A3-9474-1A3956D46DE8}") = "1.5 Infrastructure", "1.5 Infrastructure", "{A6B5EF84-C5CB-4DA9-B160-BCCFC4142BC2}"
EndProject
Project("{2150E333-8FDC-42A3-9474-1A3956D46DE8}") = "1.5.1 Infrastructure.Tools", "1.5.1 Infrastructure.Tools", "{7BDD139A-345E-4BF4-B43A-CF87B695C7E6}"
EndProject
Project("{9A19103F-16F7-4668-BE54-9A1E7A4F7556}") = "System.Infrastructure.Tools", "System.Infrastructure.Tools\System.Infrastructure.Tools.csproj", "{887B4676-965B-4071-8DDB-6793AC97008E}"
EndProject
Project("{2150E333-8FDC-42A3-9474-1A3956D46DE8}") = "1.4.1 Persistence.Core", "1.4.1 Persistence.Core", "{30F95474-9168-4F3D-A6A7-B42F13427C51}"
EndProject
Project("{2150E333-8FDC-42A3-9474-1A3956D46DE8}") = "1.4.2 Persistence.Data", "1.4.2 Persistence.Data", "{69B56CFD-C3E7-40DB-9DEE-653585353BEF}"
EndProject
Project("{2150E333-8FDC-42A3-9474-1A3956D46DE8}") = "1.4.3 Persistence.Connection", "1.4.3 Persistence.Connection", "{92350DE1-369D-4949-B291-DF83DA45C1EB}"
EndProject
Project("{9A19103F-16F7-4668-BE54-9A1E7A4F7556}") = "System.Persistence.Core", "System.Persistence.Core\System.Persistence.Core.csproj", "{0A5D6683-E5D4-4625-ADE7-E3E781AD3EE1}"
EndProject
Project("{9A19103F-16F7-4668-BE54-9A1E7A4F7556}") = "System.Persistence.Data", "System.Persistence.Data\System.Persistence.Data.csproj", "{52D51D5B-5EA9-43DF-9A44-2E0DECCF1DC9}"
EndProject
Project("{9A19103F-16F7-4668-BE54-9A1E7A4F7556}") = "System.Persistence.Connection", "System.Persistence.Connection\System.Persistence.Connection.csproj", "{031F0928-71DB-4267-AE52-2761172EF964}"
EndProject
Project("{2150E333-8FDC-42A3-9474-1A3956D46DE8}") = "1.3.1 Domain.Interfaces", "1.3.1 Domain.Interfaces", "{1D75166A-BFEC-4846-872B-9FD1454A73E5}"
	ProjectSection(SolutionItems) = preProject
		System.Persitence.Service.Exigo\IConnectionExigo.cs = System.Persitence.Service.Exigo\IConnectionExigo.cs
	EndProjectSection
EndProject
Project("{2150E333-8FDC-42A3-9474-1A3956D46DE8}") = "1.3.2 Domain.Entities", "1.3.2 Domain.Entities", "{DE470DF0-4CAC-4B59-8332-323607C80ACB}"
EndProject
Project("{9A19103F-16F7-4668-BE54-9A1E7A4F7556}") = "System.Domain.Interfaces", "System.Domain.Interfaces\System.Domain.Interfaces.csproj", "{08181F57-9BF5-48BC-931F-AC489EA897AA}"
EndProject
Project("{9A19103F-16F7-4668-BE54-9A1E7A4F7556}") = "System.Domain.Entities", "System.Domain.Entities\System.Domain.Entities.csproj", "{B1BC63F4-B8C2-409B-AADB-9F410F137A6F}"
EndProject
Project("{2150E333-8FDC-42A3-9474-1A3956D46DE8}") = "1.2.1 Application.Main", "1.2.1 Application.Main", "{1FA8756E-B154-4E73-B23E-765AB364CCB0}"
EndProject
Project("{9A19103F-16F7-4668-BE54-9A1E7A4F7556}") = "System.Application.Main", "System.Application.Main\System.Application.Main.csproj", "{01EBD3A2-A543-4EB2-A575-A1707B20C121}"
EndProject
Project("{2150E333-8FDC-42A3-9474-1A3956D46DE8}") = "1.1.1 Presentation.WebApi", "1.1.1 Presentation.WebApi", "{163D1A9F-C6EE-43A4-990D-E74AE22286E7}"
EndProject
Project("{9A19103F-16F7-4668-BE54-9A1E7A4F7556}") = "ApiBack", "FuxionRest\ApiBack.csproj", "{BA13909F-8B98-4C64-A171-3C051F001A8F}"
EndProject
Global
	GlobalSection(SolutionConfigurationPlatforms) = preSolution
		Debug|Any CPU = Debug|Any CPU
		Release|Any CPU = Release|Any CPU
	EndGlobalSection
	GlobalSection(ProjectConfigurationPlatforms) = postSolution
		{887B4676-965B-4071-8DDB-6793AC97008E}.Debug|Any CPU.ActiveCfg = Debug|Any CPU
		{887B4676-965B-4071-8DDB-6793AC97008E}.Debug|Any CPU.Build.0 = Debug|Any CPU
		{887B4676-965B-4071-8DDB-6793AC97008E}.Release|Any CPU.ActiveCfg = Release|Any CPU
		{887B4676-965B-4071-8DDB-6793AC97008E}.Release|Any CPU.Build.0 = Release|Any CPU
		{0A5D6683-E5D4-4625-ADE7-E3E781AD3EE1}.Debug|Any CPU.ActiveCfg = Debug|Any CPU
		{0A5D6683-E5D4-4625-ADE7-E3E781AD3EE1}.Debug|Any CPU.Build.0 = Debug|Any CPU
		{0A5D6683-E5D4-4625-ADE7-E3E781AD3EE1}.Release|Any CPU.ActiveCfg = Release|Any CPU
		{0A5D6683-E5D4-4625-ADE7-E3E781AD3EE1}.Release|Any CPU.Build.0 = Release|Any CPU
		{52D51D5B-5EA9-43DF-9A44-2E0DECCF1DC9}.Debug|Any CPU.ActiveCfg = Debug|Any CPU
		{52D51D5B-5EA9-43DF-9A44-2E0DECCF1DC9}.Debug|Any CPU.Build.0 = Debug|Any CPU
		{52D51D5B-5EA9-43DF-9A44-2E0DECCF1DC9}.Release|Any CPU.ActiveCfg = Release|Any CPU
		{52D51D5B-5EA9-43DF-9A44-2E0DECCF1DC9}.Release|Any CPU.Build.0 = Release|Any CPU
		{031F0928-71DB-4267-AE52-2761172EF964}.Debug|Any CPU.ActiveCfg = Debug|Any CPU
		{031F0928-71DB-4267-AE52-2761172EF964}.Debug|Any CPU.Build.0 = Debug|Any CPU
		{031F0928-71DB-4267-AE52-2761172EF964}.Release|Any CPU.ActiveCfg = Release|Any CPU
		{031F0928-71DB-4267-AE52-2761172EF964}.Release|Any CPU.Build.0 = Release|Any CPU
		{08181F57-9BF5-48BC-931F-AC489EA897AA}.Debug|Any CPU.ActiveCfg = Debug|Any CPU
		{08181F57-9BF5-48BC-931F-AC489EA897AA}.Debug|Any CPU.Build.0 = Debug|Any CPU
		{08181F57-9BF5-48BC-931F-AC489EA897AA}.Release|Any CPU.ActiveCfg = Release|Any CPU
		{08181F57-9BF5-48BC-931F-AC489EA897AA}.Release|Any CPU.Build.0 = Release|Any CPU
		{B1BC63F4-B8C2-409B-AADB-9F410F137A6F}.Debug|Any CPU.ActiveCfg = Debug|Any CPU
		{B1BC63F4-B8C2-409B-AADB-9F410F137A6F}.Debug|Any CPU.Build.0 = Debug|Any CPU
		{B1BC63F4-B8C2-409B-AADB-9F410F137A6F}.Release|Any CPU.ActiveCfg = Release|Any CPU
		{B1BC63F4-B8C2-409B-AADB-9F410F137A6F}.Release|Any CPU.Build.0 = Release|Any CPU
		{01EBD3A2-A543-4EB2-A575-A1707B20C121}.Debug|Any CPU.ActiveCfg = Debug|Any CPU
		{01EBD3A2-A543-4EB2-A575-A1707B20C121}.Debug|Any CPU.Build.0 = Debug|Any CPU
		{01EBD3A2-A543-4EB2-A575-A1707B20C121}.Release|Any CPU.ActiveCfg = Release|Any CPU
		{01EBD3A2-A543-4EB2-A575-A1707B20C121}.Release|Any CPU.Build.0 = Release|Any CPU
		{BA13909F-8B98-4C64-A171-3C051F001A8F}.Debug|Any CPU.ActiveCfg = Debug|Any CPU
		{BA13909F-8B98-4C64-A171-3C051F001A8F}.Debug|Any CPU.Build.0 = Debug|Any CPU
		{BA13909F-8B98-4C64-A171-3C051F001A8F}.Release|Any CPU.ActiveCfg = Release|Any CPU
		{BA13909F-8B98-4C64-A171-3C051F001A8F}.Release|Any CPU.Build.0 = Release|Any CPU
	EndGlobalSection
	GlobalSection(SolutionProperties) = preSolution
		HideSolutionNode = FALSE
	EndGlobalSection
	GlobalSection(NestedProjects) = preSolution
		{DB982B6C-2645-4951-90CA-2452CBDE0B3E} = {1D6A93F3-1460-4CA1-BB6C-0DA1F19F6C3D}
		{EC7DB9A9-4E1F-4B16-9E94-F05E5B32CC2B} = {1D6A93F3-1460-4CA1-BB6C-0DA1F19F6C3D}
		{2F872595-C6B5-4E67-A97E-B77F2D2B94AC} = {1D6A93F3-1460-4CA1-BB6C-0DA1F19F6C3D}
		{1C27428D-4373-48C2-B77C-51E755B5E541} = {1D6A93F3-1460-4CA1-BB6C-0DA1F19F6C3D}
		{A6B5EF84-C5CB-4DA9-B160-BCCFC4142BC2} = {1D6A93F3-1460-4CA1-BB6C-0DA1F19F6C3D}
		{7BDD139A-345E-4BF4-B43A-CF87B695C7E6} = {A6B5EF84-C5CB-4DA9-B160-BCCFC4142BC2}
		{887B4676-965B-4071-8DDB-6793AC97008E} = {7BDD139A-345E-4BF4-B43A-CF87B695C7E6}
		{30F95474-9168-4F3D-A6A7-B42F13427C51} = {1C27428D-4373-48C2-B77C-51E755B5E541}
		{69B56CFD-C3E7-40DB-9DEE-653585353BEF} = {1C27428D-4373-48C2-B77C-51E755B5E541}
		{92350DE1-369D-4949-B291-DF83DA45C1EB} = {1C27428D-4373-48C2-B77C-51E755B5E541}
		{0A5D6683-E5D4-4625-ADE7-E3E781AD3EE1} = {30F95474-9168-4F3D-A6A7-B42F13427C51}
		{52D51D5B-5EA9-43DF-9A44-2E0DECCF1DC9} = {69B56CFD-C3E7-40DB-9DEE-653585353BEF}
		{031F0928-71DB-4267-AE52-2761172EF964} = {92350DE1-369D-4949-B291-DF83DA45C1EB}
		{1D75166A-BFEC-4846-872B-9FD1454A73E5} = {2F872595-C6B5-4E67-A97E-B77F2D2B94AC}
		{DE470DF0-4CAC-4B59-8332-323607C80ACB} = {2F872595-C6B5-4E67-A97E-B77F2D2B94AC}
		{08181F57-9BF5-48BC-931F-AC489EA897AA} = {1D75166A-BFEC-4846-872B-9FD1454A73E5}
		{B1BC63F4-B8C2-409B-AADB-9F410F137A6F} = {DE470DF0-4CAC-4B59-8332-323607C80ACB}
		{1FA8756E-B154-4E73-B23E-765AB364CCB0} = {EC7DB9A9-4E1F-4B16-9E94-F05E5B32CC2B}
		{01EBD3A2-A543-4EB2-A575-A1707B20C121} = {1FA8756E-B154-4E73-B23E-765AB364CCB0}
		{163D1A9F-C6EE-43A4-990D-E74AE22286E7} = {DB982B6C-2645-4951-90CA-2452CBDE0B3E}
		{BA13909F-8B98-4C64-A171-3C051F001A8F} = {163D1A9F-C6EE-43A4-990D-E74AE22286E7}
	EndGlobalSection
	GlobalSection(ExtensibilityGlobals) = postSolution
		SolutionGuid = {B6B87441-0403-4FDE-AE03-930CB6AC66BE}
	EndGlobalSection
EndGlobal
